
Microsoft Visual Studio Solution File, Format Version 12.00
# Visual Studio Version 17
VisualStudioVersion = 17.9.34616.47
MinimumVisualStudioVersion = 10.0.40219.1
Project("{FAE04EC0-301F-11D3-BF4B-00C04F79EFBC}") = "Blazor_Assignment7", "Blazor_Assignment7\Blazor_Assignment7\Blazor_Assignment7.csproj", "{EAA19DDD-32BD-4335-8AFC-E5851DA1216B}"
EndProject
Project("{FAE04EC0-301F-11D3-BF4B-00C04F79EFBC}") = "Blazor_Assignment7.Client", "Blazor_Assignment7\Blazor_Assignment7.Client\Blazor_Assignment7.Client.csproj", "{2C004BC3-705A-4B72-A38B-812D4DB18D7C}"
EndProject
Global
	GlobalSection(SolutionConfigurationPlatforms) = preSolution
		Debug|Any CPU = Debug|Any CPU
		Release|Any CPU = Release|Any CPU
	EndGlobalSection
	GlobalSection(ProjectConfigurationPlatforms) = postSolution
		{EAA19DDD-32BD-4335-8AFC-E5851DA1216B}.Debug|Any CPU.ActiveCfg = Debug|Any CPU
		{EAA19DDD-32BD-4335-8AFC-E5851DA1216B}.Debug|Any CPU.Build.0 = Debug|Any CPU
		{EAA19DDD-32BD-4335-8AFC-E5851DA1216B}.Release|Any CPU.ActiveCfg = Release|Any CPU
		{EAA19DDD-32BD-4335-8AFC-E5851DA1216B}.Release|Any CPU.Build.0 = Release|Any CPU
		{2C004BC3-705A-4B72-A38B-812D4DB18D7C}.Debug|Any CPU.ActiveCfg = Debug|Any CPU
		{2C004BC3-705A-4B72-A38B-812D4DB18D7C}.Debug|Any CPU.Build.0 = Debug|Any CPU
		{2C004BC3-705A-4B72-A38B-812D4DB18D7C}.Release|Any CPU.ActiveCfg = Release|Any CPU
		{2C004BC3-705A-4B72-A38B-812D4DB18D7C}.Release|Any CPU.Build.0 = Release|Any CPU
	EndGlobalSection
	GlobalSection(SolutionProperties) = preSolution
		HideSolutionNode = FALSE
	EndGlobalSection
	GlobalSection(ExtensibilityGlobals) = postSolution
		SolutionGuid = {5CF7108E-8A9C-42A6-9F1F-6AFE265803D4}
	EndGlobalSection
EndGlobal
